{
  "name": "dht-spider",
  "version": "1.0.0",
  "lockfileVersion": 2,
  "requires": true,
  "packages": {
    "": {
      "name": "dht-spider",
      "version": "1.0.0",
      "license": "ISC",
      "dependencies": {
        "async-exit-hook": "^2.0.1",
        "dhtspider": "^0.1.0",
        "dotenv": "^8.2.0"
      }
    },
    "node_modules/async-exit-hook": {
      "version": "2.0.1",
      "resolved": "https://registry.npmjs.org/async-exit-hook/-/async-exit-hook-2.0.1.tgz",
      "integrity": "sha512-NW2cX8m1Q7KPA7a5M2ULQeZ2wR5qI5PAbw5L0UOMxdioVk9PMZ0h1TmyZEkPYrCvYjDlFICusOu1dlEKAAeXBw==",
      "engines": {
        "node": ">=0.12.0"
      }
    },
    "node_modules/bencode": {
      "version": "0.9.0",
      "resolved": "https://registry.npmjs.org/bencode/-/bencode-0.9.0.tgz",
      "integrity": "sha1-a9Jj6Oe1NiIS4FQcLb91szBZK/4="
    },
    "node_modules/dhtspider": {
      "version": "0.1.0",
      "resolved": "https://registry.npmjs.org/dhtspider/-/dhtspider-0.1.0.tgz",
      "integrity": "sha1-0S5paHAz7wQaTbuJH18OKlKTpLA=",
      "dependencies": {
        "bencode": "^0.9.0"
      }
    },
    "node_modules/dotenv": {
      "version": "8.2.0",
      "resolved": "https://registry.npmjs.org/dotenv/-/dotenv-8.2.0.tgz",
      "integrity": "sha512-8sJ78ElpbDJBHNeBzUbUVLsqKdccaa/BXF1uPTw3GrvQTBgrQrtObr2mUrE38vzYd8cEv+m/JBfDLioYcfXoaw==",
      "engines": {
        "node": ">=8"
      }
    }
  },
  "dependencies": {
    "async-exit-hook": {
      "version": "2.0.1",
      "resolved": "https://registry.npmjs.org/async-exit-hook/-/async-exit-hook-2.0.1.tgz",
      "integrity": "sha512-NW2cX8m1Q7KPA7a5M2ULQeZ2wR5qI5PAbw5L0UOMxdioVk9PMZ0h1TmyZEkPYrCvYjDlFICusOu1dlEKAAeXBw=="
    },
    "bencode": {
      "version": "0.9.0",
      "resolved": "https://registry.npmjs.org/bencode/-/bencode-0.9.0.tgz",
      "integrity": "sha1-a9Jj6Oe1NiIS4FQcLb91szBZK/4="
    },
    "dhtspider": {
      "version": "0.1.0",
      "resolved": "https://registry.npmjs.org/dhtspider/-/dhtspider-0.1.0.tgz",
      "integrity": "sha1-0S5paHAz7wQaTbuJH18OKlKTpLA=",
      "requires": {
        "bencode": "^0.9.0"
      }
    },
    "dotenv": {
      "version": "8.2.0",
      "resolved": "https://registry.npmjs.org/dotenv/-/dotenv-8.2.0.tgz",
      "integrity": "sha512-8sJ78ElpbDJBHNeBzUbUVLsqKdccaa/BXF1uPTw3GrvQTBgrQrtObr2mUrE38vzYd8cEv+m/JBfDLioYcfXoaw=="
    }
  }
}
